// !$*UTF8*$!
{
	archiveVersion = 1;
	classes = {
	};
	objectVersion = 50;
	objects = {

/* Begin PBXBuildFile section */
		4C940149237067EC00D03CBD /* AppDelegate.swift in Sources */ = {isa = PBXBuildFile; fileRef = 4C940148237067EC00D03CBD /* AppDelegate.swift */; };
		4C94014B237067EC00D03CBD /* GameScene.sks in Resources */ = {isa = PBXBuildFile; fileRef = 4C94014A237067EC00D03CBD /* GameScene.sks */; };
		4C94014D237067EC00D03CBD /* Actions.sks in Resources */ = {isa = PBXBuildFile; fileRef = 4C94014C237067EC00D03CBD /* Actions.sks */; };
		4C94014F237067EC00D03CBD /* GameScene.swift in Sources */ = {isa = PBXBuildFile; fileRef = 4C94014E237067EC00D03CBD /* GameScene.swift */; };
		4C940151237067EC00D03CBD /* GameViewController.swift in Sources */ = {isa = PBXBuildFile; fileRef = 4C940150237067EC00D03CBD /* GameViewController.swift */; };
		4C940154237067EC00D03CBD /* Main.storyboard in Resources */ = {isa = PBXBuildFile; fileRef = 4C940152237067EC00D03CBD /* Main.storyboard */; };
		4C940156237067ED00D03CBD /* Assets.xcassets in Resources */ = {isa = PBXBuildFile; fileRef = 4C940155237067ED00D03CBD /* Assets.xcassets */; };
		4C940159237067ED00D03CBD /* LaunchScreen.storyboard in Resources */ = {isa = PBXBuildFile; fileRef = 4C940157237067ED00D03CBD /* LaunchScreen.storyboard */; };
		4C940164237067EE00D03CBD /* MygameTests.swift in Sources */ = {isa = PBXBuildFile; fileRef = 4C940163237067EE00D03CBD /* MygameTests.swift */; };
		4C94016F237067EE00D03CBD /* MygameUITests.swift in Sources */ = {isa = PBXBuildFile; fileRef = 4C94016E237067EE00D03CBD /* MygameUITests.swift */; };
		4CAA1FBB2379A3E30028AB75 /* Flames.sks in Resources */ = {isa = PBXBuildFile; fileRef = 4CAA1FBA2379A3E30028AB75 /* Flames.sks */; };
/* End PBXBuildFile section */

/* Begin PBXContainerItemProxy section */
		4C940160237067EE00D03CBD /* PBXContainerItemProxy */ = {
			isa = PBXContainerItemProxy;
			containerPortal = 4C94013D237067EC00D03CBD /* Project object */;
			proxyType = 1;
			remoteGlobalIDString = 4C940144237067EC00D03CBD;
			remoteInfo = Mygame;
		};
		4C94016B237067EE00D03CBD /* PBXContainerItemProxy */ = {
			isa = PBXContainerItemProxy;
			containerPortal = 4C94013D237067EC00D03CBD /* Project object */;
			proxyType = 1;
			remoteGlobalIDString = 4C940144237067EC00D03CBD;
			remoteInfo = Mygame;
		};
/* End PBXContainerItemProxy section */

/* Begin PBXFileReference section */
		4C940145237067EC00D03CBD /* Mygame.app */ = {isa = PBXFileReference; explicitFileType = wrapper.application; includeInIndex = 0; path = Mygame.app; sourceTree = BUILT_PRODUCTS_DIR; };
		4C940148237067EC00D03CBD /* AppDelegate.swift */ = {isa = PBXFileReference; lastKnownFileType = sourcecode.swift; path = AppDelegate.swift; sourceTree = "<group>"; };
		4C94014A237067EC00D03CBD /* GameScene.sks */ = {isa = PBXFileReference; lastKnownFileType = file.sks; path = GameScene.sks; sourceTree = "<group>"; };
		4C94014C237067EC00D03CBD /* Actions.sks */ = {isa = PBXFileReference; lastKnownFileType = file.sks; path = Actions.sks; sourceTree = "<group>"; };
		4C94014E237067EC00D03CBD /* GameScene.swift */ = {isa = PBXFileReference; lastKnownFileType = sourcecode.swift; path = GameScene.swift; sourceTree = "<group>"; };
		4C940150237067EC00D03CBD /* GameViewController.swift */ = {isa = PBXFileReference; lastKnownFileType = sourcecode.swift; path = GameViewController.swift; sourceTree = "<group>"; };
		4C940153237067EC00D03CBD /* Base */ = {isa = PBXFileReference; lastKnownFileType = file.storyboard; name = Base; path = Base.lproj/Main.storyboard; sourceTree = "<group>"; };
		4C940155237067ED00D03CBD /* Assets.xcassets */ = {isa = PBXFileReference; lastKnownFileType = folder.assetcatalog; path = Assets.xcassets; sourceTree = "<group>"; };
		4C940158237067ED00D03CBD /* Base */ = {isa = PBXFileReference; lastKnownFileType = file.storyboard; name = Base; path = Base.lproj/LaunchScreen.storyboard; sourceTree = "<group>"; };
		4C94015A237067EE00D03CBD /* Info.plist */ = {isa = PBXFileReference; lastKnownFileType = text.plist.xml; path = Info.plist; sourceTree = "<group>"; };
		4C94015F237067EE00D03CBD /* MygameTests.xctest */ = {isa = PBXFileReference; explicitFileType = wrapper.cfbundle; includeInIndex = 0; path = MygameTests.xctest; sourceTree = BUILT_PRODUCTS_DIR; };
		4C940163237067EE00D03CBD /* MygameTests.swift */ = {isa = PBXFileReference; lastKnownFileType = sourcecode.swift; path = MygameTests.swift; sourceTree = "<group>"; };
		4C940165237067EE00D03CBD /* Info.plist */ = {isa = PBXFileReference; lastKnownFileType = text.plist.xml; path = Info.plist; sourceTree = "<group>"; };
		4C94016A237067EE00D03CBD /* MygameUITests.xctest */ = {isa = PBXFileReference; explicitFileType = wrapper.cfbundle; includeInIndex = 0; path = MygameUITests.xctest; sourceTree = BUILT_PRODUCTS_DIR; };
		4C94016E237067EE00D03CBD /* MygameUITests.swift */ = {isa = PBXFileReference; lastKnownFileType = sourcecode.swift; path = MygameUITests.swift; sourceTree = "<group>"; };
		4C940170237067EE00D03CBD /* Info.plist */ = {isa = PBXFileReference; lastKnownFileType = text.plist.xml; path = Info.plist; sourceTree = "<group>"; };
		4CAA1FBA2379A3E30028AB75 /* Flames.sks */ = {isa = PBXFileReference; lastKnownFileType = file.sks; path = Flames.sks; sourceTree = "<group>"; };
/* End PBXFileReference section */

/* Begin PBXFrameworksBuildPhase section */
		4C940142237067EC00D03CBD /* Frameworks */ = {
			isa = PBXFrameworksBuildPhase;
			buildActionMask = 2147483647;
			files = (
			);
			runOnlyForDeploymentPostprocessing = 0;
		};
		4C94015C237067EE00D03CBD /* Frameworks */ = {
			isa = PBXFrameworksBuildPhase;
			buildActionMask = 2147483647;
			files = (
			);
			runOnlyForDeploymentPostprocessing = 0;
		};
		4C940167237067EE00D03CBD /* Frameworks */ = {
			isa = PBXFrameworksBuildPhase;
			buildActionMask = 2147483647;
			files = (
			);
			runOnlyForDeploymentPostprocessing = 0;
		};
/* End PBXFrameworksBuildPhase section */

/* Begin PBXGroup section */
		4C94013C237067EC00D03CBD = {
			isa = PBXGroup;
			children = (
				4C940147237067EC00D03CBD /* Mygame */,
				4C940162237067EE00D03CBD /* MygameTests */,
				4C94016D237067EE00D03CBD /* MygameUITests */,
				4C940146237067EC00D03CBD /* Products */,
			);
			sourceTree = "<group>";
		};
		4C940146237067EC00D03CBD /* Products */ = {
			isa = PBXGroup;
			children = (
				4C940145237067EC00D03CBD /* Mygame.app */,
				4C94015F237067EE00D03CBD /* MygameTests.xctest */,
				4C94016A237067EE00D03CBD /* MygameUITests.xctest */,
			);
			name = Products;
			sourceTree = "<group>";
		};
		4C940147237067EC00D03CBD /* Mygame */ = {
			isa = PBXGroup;
			children = (
				4C940148237067EC00D03CBD /* AppDelegate.swift */,
				4C94014A237067EC00D03CBD /* GameScene.sks */,
				4C94014C237067EC00D03CBD /* Actions.sks */,
				4C94014E237067EC00D03CBD /* GameScene.swift */,
				4C940150237067EC00D03CBD /* GameViewController.swift */,
				4C940152237067EC00D03CBD /* Main.storyboard */,
				4C940155237067ED00D03CBD /* Assets.xcassets */,
				4C940157237067ED00D03CBD /* LaunchScreen.storyboard */,
				4C94015A237067EE00D03CBD /* Info.plist */,
				4CAA1FBA2379A3E30028AB75 /* Flames.sks */,
			);
			path = Mygame;
			sourceTree = "<group>";
		};
		4C940162237067EE00D03CBD /* MygameTests */ = {
			isa = PBXGroup;
			children = (
				4C940163237067EE00D03CBD /* MygameTests.swift */,
				4C940165237067EE00D03CBD /* Info.plist */,
			);
			path = MygameTests;
			sourceTree = "<group>";
		};
		4C94016D237067EE00D03CBD /* MygameUITests */ = {
			isa = PBXGroup;
			children = (
				4C94016E237067EE00D03CBD /* MygameUITests.swift */,
				4C940170237067EE00D03CBD /* Info.plist */,
			);
			path = MygameUITests;
			sourceTree = "<group>";
		};
/* End PBXGroup section */

/* Begin PBXNativeTarget section */
		4C940144237067EC00D03CBD /* Mygame */ = {
			isa = PBXNativeTarget;
			buildConfigurationList = 4C940173237067EF00D03CBD /* Build configuration list for PBXNativeTarget "Mygame" */;
			buildPhases = (
				4C940141237067EC00D03CBD /* Sources */,
				4C940142237067EC00D03CBD /* Frameworks */,
				4C940143237067EC00D03CBD /* Resources */,
			);
			buildRules = (
			);
			dependencies = (
			);
			name = Mygame;
			productName = Mygame;
			productReference = 4C940145237067EC00D03CBD /* Mygame.app */;
			productType = "com.apple.product-type.application";
		};
		4C94015E237067EE00D03CBD /* MygameTests */ = {
			isa = PBXNativeTarget;
			buildConfigurationList = 4C940176237067EF00D03CBD /* Build configuration list for PBXNativeTarget "MygameTests" */;
			buildPhases = (
				4C94015B237067EE00D03CBD /* Sources */,
				4C94015C237067EE00D03CBD /* Frameworks */,
				4C94015D237067EE00D03CBD /* Resources */,
			);
			buildRules = (
			);
			dependencies = (
				4C940161237067EE00D03CBD /* PBXTargetDependency */,
			);
			name = MygameTests;
			productName = MygameTests;
			productReference = 4C94015F237067EE00D03CBD /* MygameTests.xctest */;
			productType = "com.apple.product-type.bundle.unit-test";
		};
		4C940169237067EE00D03CBD /* MygameUITests */ = {
			isa = PBXNativeTarget;
			buildConfigurationList = 4C940179237067EF00D03CBD /* Build configuration list for PBXNativeTarget "MygameUITests" */;
			buildPhases = (
				4C940166237067EE00D03CBD /* Sources */,
				4C940167237067EE00D03CBD /* Frameworks */,
				4C940168237067EE00D03CBD /* Resources */,
			);
			buildRules = (
			);
			dependencies = (
				4C94016C237067EE00D03CBD /* PBXTargetDependency */,
			);
			name = MygameUITests;
			productName = MygameUITests;
			productReference = 4C94016A237067EE00D03CBD /* MygameUITests.xctest */;
			productType = "com.apple.product-type.bundle.ui-testing";
		};
/* End PBXNativeTarget section */

/* Begin PBXProject section */
		4C94013D237067EC00D03CBD /* Project object */ = {
			isa = PBXProject;
			attributes = {
				LastSwiftUpdateCheck = 1120;
				LastUpgradeCheck = 1120;
				ORGANIZATIONNAME = "BIRCH, ADAM";
				TargetAttributes = {
					4C940144237067EC00D03CBD = {
						CreatedOnToolsVersion = 11.2;
					};
					4C94015E237067EE00D03CBD = {
						CreatedOnToolsVersion = 11.2;
						TestTargetID = 4C940144237067EC00D03CBD;
					};
					4C940169237067EE00D03CBD = {
						CreatedOnToolsVersion = 11.2;
						TestTargetID = 4C940144237067EC00D03CBD;
					};
				};
			};
			buildConfigurationList = 4C940140237067EC00D03CBD /* Build configuration list for PBXProject "Mygame" */;
			compatibilityVersion = "Xcode 9.3";
			developmentRegion = en;
			hasScannedForEncodings = 0;
			knownRegions = (
				en,
				Base,
			);
			mainGroup = 4C94013C237067EC00D03CBD;
			productRefGroup = 4C940146237067EC00D03CBD /* Products */;
			projectDirPath = "";
			projectRoot = "";
			targets = (
				4C940144237067EC00D03CBD /* Mygame */,
				4C94015E237067EE00D03CBD /* MygameTests */,
				4C940169237067EE00D03CBD /* MygameUITests */,
			);
		};
/* End PBXProject section */

/* Begin PBXResourcesBuildPhase section */
		4C940143237067EC00D03CBD /* Resources */ = {
			isa = PBXResourcesBuildPhase;
			buildActionMask = 2147483647;
			files = (
				4C940154237067EC00D03CBD /* Main.storyboard in Resources */,
				4CAA1FBB2379A3E30028AB75 /* Flames.sks in Resources */,
				4C94014B237067EC00D03CBD /* GameScene.sks in Resources */,
				4C940156237067ED00D03CBD /* Assets.xcassets in Resources */,
				4C940159237067ED00D03CBD /* LaunchScreen.storyboard in Resources */,
				4C94014D237067EC00D03CBD /* Actions.sks in Resources */,
			);
			runOnlyForDeploymentPostprocessing = 0;
		};
		4C94015D237067EE00D03CBD /* Resources */ = {
			isa = PBXResourcesBuildPhase;
			buildActionMask = 2147483647;
			files = (
			);
			runOnlyForDeploymentPostprocessing = 0;
		};
		4C940168237067EE00D03CBD /* Resources */ = {
			isa = PBXResourcesBuildPhase;
			buildActionMask = 2147483647;
			files = (
			);
			runOnlyForDeploymentPostprocessing = 0;
		};
/* End PBXResourcesBuildPhase section */

/* Begin PBXSourcesBuildPhase section */
		4C940141237067EC00D03CBD /* Sources */ = {
			isa = PBXSourcesBuildPhase;
			buildActionMask = 2147483647;
			files = (
				4C94014F237067EC00D03CBD /* GameScene.swift in Sources */,
				4C940151237067EC00D03CBD /* GameViewController.swift in Sources */,
				4C940149237067EC00D03CBD /* AppDelegate.swift in Sources */,
			);
			runOnlyForDeploymentPostprocessing = 0;
		};
		4C94015B237067EE00D03CBD /* Sources */ = {
			isa = PBXSourcesBuildPhase;
			buildActionMask = 2147483647;
			files = (
				4C940164237067EE00D03CBD /* MygameTests.swift in Sources */,
			);
			runOnlyForDeploymentPostprocessing = 0;
		};
		4C940166237067EE00D03CBD /* Sources */ = {
			isa = PBXSourcesBuildPhase;
			buildActionMask = 2147483647;
			files = (
				4C94016F237067EE00D03CBD /* MygameUITests.swift in Sources */,
			);
			runOnlyForDeploymentPostprocessing = 0;
		};
/* End PBXSourcesBuildPhase section */

/* Begin PBXTargetDependency section */
		4C940161237067EE00D03CBD /* PBXTargetDependency */ = {
			isa = PBXTargetDependency;
			target = 4C940144237067EC00D03CBD /* Mygame */;
			targetProxy = 4C940160237067EE00D03CBD /* PBXContainerItemProxy */;
		};
		4C94016C237067EE00D03CBD /* PBXTargetDependency */ = {
			isa = PBXTargetDependency;
			target = 4C940144237067EC00D03CBD /* Mygame */;
			targetProxy = 4C94016B237067EE00D03CBD /* PBXContainerItemProxy */;
		};
/* End PBXTargetDependency section */

/* Begin PBXVariantGroup section */
		4C940152237067EC00D03CBD /* Main.storyboard */ = {
			isa = PBXVariantGroup;
			children = (
				4C940153237067EC00D03CBD /* Base */,
			);
			name = Main.storyboard;
			sourceTree = "<group>";
		};
		4C940157237067ED00D03CBD /* LaunchScreen.storyboard */ = {
			isa = PBXVariantGroup;
			children = (
				4C940158237067ED00D03CBD /* Base */,
			);
			name = LaunchScreen.storyboard;
			sourceTree = "<group>";
		};
/* End PBXVariantGroup section */

/* Begin XCBuildConfiguration section */
		4C940171237067EF00D03CBD /* Debug */ = {
			isa = XCBuildConfiguration;
			buildSettings = {
				ALWAYS_SEARCH_USER_PATHS = NO;
				CLANG_ANALYZER_NONNULL = YES;
				CLANG_ANALYZER_NUMBER_OBJECT_CONVERSION = YES_AGGRESSIVE;
				CLANG_CXX_LANGUAGE_STANDARD = "gnu++14";
				CLANG_CXX_LIBRARY = "libc++";
				CLANG_ENABLE_MODULES = YES;
				CLANG_ENABLE_OBJC_ARC = YES;
				CLANG_ENABLE_OBJC_WEAK = YES;
				CLANG_WARN_BLOCK_CAPTURE_AUTORELEASING = YES;
				CLANG_WARN_BOOL_CONVERSION = YES;
				CLANG_WARN_COMMA = YES;
				CLANG_WARN_CONSTANT_CONVERSION = YES;
				CLANG_WARN_DEPRECATED_OBJC_IMPLEMENTATIONS = YES;
				CLANG_WARN_DIRECT_OBJC_ISA_USAGE = YES_ERROR;
				CLANG_WARN_DOCUMENTATION_COMMENTS = YES;
				CLANG_WARN_EMPTY_BODY = YES;
				CLANG_WARN_ENUM_CONVERSION = YES;
				CLANG_WARN_INFINITE_RECURSION = YES;
				CLANG_WARN_INT_CONVERSION = YES;
				CLANG_WARN_NON_LITERAL_NULL_CONVERSION = YES;
				CLANG_WARN_OBJC_IMPLICIT_RETAIN_SELF = YES;
				CLANG_WARN_OBJC_LITERAL_CONVERSION = YES;
				CLANG_WARN_OBJC_ROOT_CLASS = YES_ERROR;
				CLANG_WARN_RANGE_LOOP_ANALYSIS = YES;
				CLANG_WARN_STRICT_PROTOTYPES = YES;
				CLANG_WARN_SUSPICIOUS_MOVE = YES;
				CLANG_WARN_UNGUARDED_AVAILABILITY = YES_AGGRESSIVE;
				CLANG_WARN_UNREACHABLE_CODE = YES;
				CLANG_WARN__DUPLICATE_METHOD_MATCH = YES;
				COPY_PHASE_STRIP = NO;
				DEBUG_INFORMATION_FORMAT = dwarf;
				ENABLE_STRICT_OBJC_MSGSEND = YES;
				ENABLE_TESTABILITY = YES;
				GCC_C_LANGUAGE_STANDARD = gnu11;
				GCC_DYNAMIC_NO_PIC = NO;
				GCC_NO_COMMON_BLOCKS = YES;
				GCC_OPTIMIZATION_LEVEL = 0;
				GCC_PREPROCESSOR_DEFINITIONS = (
					"DEBUG=1",
					"$(inherited)",
				);
				GCC_WARN_64_TO_32_BIT_CONVERSION = YES;
				GCC_WARN_ABOUT_RETURN_TYPE = YES_ERROR;
				GCC_WARN_UNDECLARED_SELECTOR = YES;
				GCC_WARN_UNINITIALIZED_AUTOS = YES_AGGRESSIVE;
				GCC_WARN_UNUSED_FUNCTION = YES;
				GCC_WARN_UNUSED_VARIABLE = YES;
				IPHONEOS_DEPLOYMENT_TARGET = 13.2;
				MTL_ENABLE_DEBUG_INFO = INCLUDE_SOURCE;
				MTL_FAST_MATH = YES;
				ONLY_ACTIVE_ARCH = YES;
				SDKROOT = iphoneos;
				SWIFT_ACTIVE_COMPILATION_CONDITIONS = DEBUG;
				SWIFT_OPTIMIZATION_LEVEL = "-Onone";
			};
			name = Debug;
		};
		4C940172237067EF00D03CBD /* Release */ = {
			isa = XCBuildConfiguration;
			buildSettings = {
				ALWAYS_SEARCH_USER_PATHS = NO;
				CLANG_ANALYZER_NONNULL = YES;
				CLANG_ANALYZER_NUMBER_OBJECT_CONVERSION = YES_AGGRESSIVE;
				CLANG_CXX_LANGUAGE_STANDARD = "gnu++14";
				CLANG_CXX_LIBRARY = "libc++";
				CLANG_ENABLE_MODULES = YES;
				CLANG_ENABLE_OBJC_ARC = YES;
				CLANG_ENABLE_OBJC_WEAK = YES;
				CLANG_WARN_BLOCK_CAPTURE_AUTORELEASING = YES;
				CLANG_WARN_BOOL_CONVERSION = YES;
				CLANG_WARN_COMMA = YES;
				CLANG_WARN_CONSTANT_CONVERSION = YES;
				CLANG_WARN_DEPRECATED_OBJC_IMPLEMENTATIONS = YES;
				CLANG_WARN_DIRECT_OBJC_ISA_USAGE = YES_ERROR;
				CLANG_WARN_DOCUMENTATION_COMMENTS = YES;
				CLANG_WARN_EMPTY_BODY = YES;
				CLANG_WARN_ENUM_CONVERSION = YES;
				CLANG_WARN_INFINITE_RECURSION = YES;
				CLANG_WARN_INT_CONVERSION = YES;
				CLANG_WARN_NON_LITERAL_NULL_CONVERSION = YES;
				CLANG_WARN_OBJC_IMPLICIT_RETAIN_SELF = YES;
				CLANG_WARN_OBJC_LITERAL_CONVERSION = YES;
				CLANG_WARN_OBJC_ROOT_CLASS = YES_ERROR;
				CLANG_WARN_RANGE_LOOP_ANALYSIS = YES;
				CLANG_WARN_STRICT_PROTOTYPES = YES;
				CLANG_WARN_SUSPICIOUS_MOVE = YES;
				CLANG_WARN_UNGUARDED_AVAILABILITY = YES_AGGRESSIVE;
				CLANG_WARN_UNREACHABLE_CODE = YES;
				CLANG_WARN__DUPLICATE_METHOD_MATCH = YES;
				COPY_PHASE_STRIP = NO;
				DEBUG_INFORMATION_FORMAT = "dwarf-with-dsym";
				ENABLE_NS_ASSERTIONS = NO;
				ENABLE_STRICT_OBJC_MSGSEND = YES;
				GCC_C_LANGUAGE_STANDARD = gnu11;
				GCC_NO_COMMON_BLOCKS = YES;
				GCC_WARN_64_TO_32_BIT_CONVERSION = YES;
				GCC_WARN_ABOUT_RETURN_TYPE = YES_ERROR;
				GCC_WARN_UNDECLARED_SELECTOR = YES;
				GCC_WARN_UNINITIALIZED_AUTOS = YES_AGGRESSIVE;
				GCC_WARN_UNUSED_FUNCTION = YES;
				GCC_WARN_UNUSED_VARIABLE = YES;
				IPHONEOS_DEPLOYMENT_TARGET = 13.2;
				MTL_ENABLE_DEBUG_INFO = NO;
				MTL_FAST_MATH = YES;
				SDKROOT = iphoneos;
				SWIFT_COMPILATION_MODE = wholemodule;
				SWIFT_OPTIMIZATION_LEVEL = "-O";
				VALIDATE_PRODUCT = YES;
			};
			name = Release;
		};
		4C940174237067EF00D03CBD /* Debug */ = {
			isa = XCBuildConfiguration;
			buildSettings = {
				ASSETCATALOG_COMPILER_APPICON_NAME = AppIcon;
				CODE_SIGN_STYLE = Automatic;
				DEVELOPMENT_TEAM = 2Q8898DSCT;
				INFOPLIST_FILE = Mygame/Info.plist;
				IPHONEOS_DEPLOYMENT_TARGET = 12.4;
				LD_RUNPATH_SEARCH_PATHS = (
					"$(inherited)",
					"@executable_path/Frameworks",
				);
				PRODUCT_BUNDLE_IDENTIFIER = BIR.Mygame;
				PRODUCT_NAME = "$(TARGET_NAME)";
				SWIFT_VERSION = 5.0;
				TARGETED_DEVICE_FAMILY = 1;
			};
			name = Debug;
		};
		4C940175237067EF00D03CBD /* Release */ = {
			isa = XCBuildConfiguration;
			buildSettings = {
				ASSETCATALOG_COMPILER_APPICON_NAME = AppIcon;
				CODE_SIGN_STYLE = Automatic;
				DEVELOPMENT_TEAM = 2Q8898DSCT;
				INFOPLIST_FILE = Mygame/Info.plist;
				IPHONEOS_DEPLOYMENT_TARGET = 12.4;
				LD_RUNPATH_SEARCH_PATHS = (
					"$(inherited)",
					"@executable_path/Frameworks",
				);
				PRODUCT_BUNDLE_IDENTIFIER = BIR.Mygame;
				PRODUCT_NAME = "$(TARGET_NAME)";
				SWIFT_VERSION = 5.0;
				TARGETED_DEVICE_FAMILY = 1;
			};
			name = Release;
		};
		4C940177237067EF00D03CBD /* Debug */ = {
			isa = XCBuildConfiguration;
			buildSettings = {
				ALWAYS_EMBED_SWIFT_STANDARD_LIBRARIES = YES;
				BUNDLE_LOADER = "$(TEST_HOST)";
				CODE_SIGN_STYLE = Automatic;
				INFOPLIST_FILE = MygameTests/Info.plist;
				IPHONEOS_DEPLOYMENT_TARGET = 13.2;
				LD_RUNPATH_SEARCH_PATHS = (
					"$(inherited)",
					"@executable_path/Frameworks",
					"@loader_path/Frameworks",
				);
				PRODUCT_BUNDLE_IDENTIFIER = BIR.MygameTests;
				PRODUCT_NAME = "$(TARGET_NAME)";
				SWIFT_VERSION = 5.0;
				TARGETED_DEVICE_FAMILY = "1,2";
				TEST_HOST = "$(BUILT_PRODUCTS_DIR)/Mygame.app/Mygame";
			};
			name = Debug;
		};
		4C940178237067EF00D03CBD /* Release */ = {
			isa = XCBuildConfiguration;
			buildSettings = {
				ALWAYS_EMBED_SWIFT_STANDARD_LIBRARIES = YES;
				BUNDLE_LOADER = "$(TEST_HOST)";
				CODE_SIGN_STYLE = Automatic;
				INFOPLIST_FILE = MygameTests/Info.plist;
				IPHONEOS_DEPLOYMENT_TARGET = 13.2;
				LD_RUNPATH_SEARCH_PATHS = (
					"$(inherited)",
					"@executable_path/Frameworks",
					"@loader_path/Frameworks",
				);
				PRODUCT_BUNDLE_IDENTIFIER = BIR.MygameTests;
				PRODUCT_NAME = "$(TARGET_NAME)";
				SWIFT_VERSION = 5.0;
				TARGETED_DEVICE_FAMILY = "1,2";
				TEST_HOST = "$(BUILT_PRODUCTS_DIR)/Mygame.app/Mygame";
			};
			name = Release;
		};
		4C94017A237067EF00D03CBD /* Debug */ = {
			isa = XCBuildConfiguration;
			buildSettings = {
				ALWAYS_EMBED_SWIFT_STANDARD_LIBRARIES = YES;
				CODE_SIGN_STYLE = Automatic;
				INFOPLIST_FILE = MygameUITests/Info.plist;
				LD_RUNPATH_SEARCH_PATHS = (
					"$(inherited)",
					"@executable_path/Frameworks",
					"@loader_path/Frameworks",
				);
				PRODUCT_BUNDLE_IDENTIFIER = BIR.MygameUITests;
				PRODUCT_NAME = "$(TARGET_NAME)";
				SWIFT_VERSION = 5.0;
				TARGETED_DEVICE_FAMILY = "1,2";
				TEST_TARGET_NAME = Mygame;
			};
			name = Debug;
		};
		4C94017B237067EF00D03CBD /* Release */ = {
			isa = XCBuildConfiguration;
			buildSettings = {
				ALWAYS_EMBED_SWIFT_STANDARD_LIBRARIES = YES;
				CODE_SIGN_STYLE = Automatic;
				INFOPLIST_FILE = MygameUITests/Info.plist;
				LD_RUNPATH_SEARCH_PATHS = (
					"$(inherited)",
					"@executable_path/Frameworks",
					"@loader_path/Frameworks",
				);
				PRODUCT_BUNDLE_IDENTIFIER = BIR.MygameUITests;
				PRODUCT_NAME = "$(TARGET_NAME)";
				SWIFT_VERSION = 5.0;
				TARGETED_DEVICE_FAMILY = "1,2";
				TEST_TARGET_NAME = Mygame;
			};
			name = Release;
		};
/* End XCBuildConfiguration section */

/* Begin XCConfigurationList section */
		4C940140237067EC00D03CBD /* Build configuration list for PBXProject "Mygame" */ = {
			isa = XCConfigurationList;
			buildConfigurations = (
				4C940171237067EF00D03CBD /* Debug */,
				4C940172237067EF00D03CBD /* Release */,
			);
			defaultConfigurationIsVisible = 0;
			defaultConfigurationName = Release;
		};
		4C940173237067EF00D03CBD /* Build configuration list for PBXNativeTarget "Mygame" */ = {
			isa = XCConfigurationList;
			buildConfigurations = (
				4C940174237067EF00D03CBD /* Debug */,
				4C940175237067EF00D03CBD /* Release */,
			);
			defaultConfigurationIsVisible = 0;
			defaultConfigurationName = Release;
		};
		4C940176237067EF00D03CBD /* Build configuration list for PBXNativeTarget "MygameTests" */ = {
			isa = XCConfigurationList;
			buildConfigurations = (
				4C940177237067EF00D03CBD /* Debug */,
				4C940178237067EF00D03CBD /* Release */,
			);
			defaultConfigurationIsVisible = 0;
			defaultConfigurationName = Release;
		};
		4C940179237067EF00D03CBD /* Build configuration list for PBXNativeTarget "MygameUITests" */ = {
			isa = XCConfigurationList;
			buildConfigurations = (
				4C94017A237067EF00D03CBD /* Debug */,
				4C94017B237067EF00D03CBD /* Release */,
			);
			defaultConfigurationIsVisible = 0;
			defaultConfigurationName = Release;
		};
/* End XCConfigurationList section */
	};
	rootObject = 4C94013D237067EC00D03CBD /* Project object */;
}
